<?xml version="1.0" encoding="utf-8"?>
<Project ToolsVersion="4.0" xmlns="http://schemas.microsoft.com/developer/msbuild/2003">
  <ItemGroup>
    <Filter Include="Source Files">
      <UniqueIdentifier>{4FC737F1-C7A5-4376-A066-2A32D752A2FF}</UniqueIdentifier>
      <Extensions>cpp;c;cc;cxx;c++;cppm;ixx;def;odl;idl;hpj;bat;asm;asmx</Extensions>
    </Filter>
    <Filter Include="Header Files">
      <UniqueIdentifier>{93995380-89BD-4b04-88EB-625FBE52EBFB}</UniqueIdentifier>
      <Extensions>h;hh;hpp;hxx;h++;hm;inl;inc;ipp;xsd</Extensions>
    </Filter>
    <Filter Include="Resource Files">
      <UniqueIdentifier>{67DA6AB6-F800-4c08-8B7A-83BB121AAD01}</UniqueIdentifier>
      <Extensions>rc;ico;cur;bmp;dlg;rc2;rct;bin;rgs;gif;jpg;jpeg;jpe;resx;tiff;tif;png;wav;mfcribbon-ms</Extensions>
    </Filter>
  </ItemGroup>
  <ItemGroup>
    <ClCompile Include="BuffEntry.cpp">
      <Filter>Source Files</Filter>
    </ClCompile>
    <ClCompile Include="BuffManager.cpp">
      <Filter>Source Files</Filter>
    </ClCompile>
    <ClCompile Include="Callbacks.cpp">
      <Filter>Source Files</Filter>
    </ClCompile>
    <ClCompile Include="Capture.cpp">
      <Filter>Source Files</Filter>
    </ClCompile>
    <ClCompile Include="CObject.cpp">
      <Filter>Source Files</Filter>
    </ClCompile>
    <ClCompile Include="Direct3D9Capture.cpp">
      <Filter>Source Files</Filter>
    </ClCompile>
    <ClCompile Include="DllMain.cpp">
      <Filter>Source Files</Filter>
    </ClCompile>
    <ClCompile Include="DriverController.cpp">
      <Filter>Source Files</Filter>
    </ClCompile>
    <ClCompile Include="DXGICapture.cpp">
      <Filter>Source Files</Filter>
    </ClCompile>
    <ClCompile Include="Engine.cpp">
      <Filter>Source Files</Filter>
    </ClCompile>
    <ClCompile Include="FuncHook.cpp">
      <Filter>Source Files</Filter>
    </ClCompile>
    <ClCompile Include="game_classes.cpp">
      <Filter>Source Files</Filter>
    </ClCompile>
    <ClCompile Include="HeavensGateHook.cpp">
      <Filter>Source Files</Filter>
    </ClCompile>
    <ClCompile Include="ImRenderer.cpp">
      <Filter>Source Files</Filter>
    </ClCompile>
    <ClCompile Include="inputhook.cpp">
      <Filter>Source Files</Filter>
    </ClCompile>
    <ClCompile Include="LeagueFunctions.cpp">
      <Filter>Source Files</Filter>
    </ClCompile>
    <ClCompile Include="LeagueHooks.cpp">
      <Filter>Source Files</Filter>
    </ClCompile>
    <ClCompile Include="LUA.cpp">
      <Filter>Source Files</Filter>
    </ClCompile>
    <ClCompile Include="menu.cpp">
      <Filter>Source Files</Filter>
    </ClCompile>
    <ClCompile Include="Misc.cpp">
      <Filter>Source Files</Filter>
    </ClCompile>
    <ClCompile Include="Orbwalker.cpp">
      <Filter>Source Files</Filter>
    </ClCompile>
    <ClCompile Include="PIDManager.cpp">
      <Filter>Source Files</Filter>
    </ClCompile>
    <ClCompile Include="skin_changer.cpp">
      <Filter>Source Files</Filter>
    </ClCompile>
    <ClCompile Include="skin_database.cpp">
      <Filter>Source Files</Filter>
    </ClCompile>
    <ClCompile Include="TargetSelector.cpp">
      <Filter>Source Files</Filter>
    </ClCompile>
    <ClCompile Include="Win32Exception.cpp">
      <Filter>Source Files</Filter>
    </ClCompile>
    <ClCompile Include="include\Zydis\src\Decoder.c">
      <Filter>Source Files</Filter>
    </ClCompile>
    <ClCompile Include="include\Zydis\src\DecoderData.c">
      <Filter>Source Files</Filter>
    </ClCompile>
    <ClCompile Include="include\Zydis\src\Formatter.c">
      <Filter>Source Files</Filter>
    </ClCompile>
    <ClCompile Include="include\Zydis\src\FormatterATT.c">
      <Filter>Source Files</Filter>
    </ClCompile>
    <ClCompile Include="include\Zydis\src\FormatterBase.c">
      <Filter>Source Files</Filter>
    </ClCompile>
    <ClCompile Include="include\Zydis\src\FormatterBuffer.c">
      <Filter>Source Files</Filter>
    </ClCompile>
    <ClCompile Include="include\Zydis\src\FormatterIntel.c">
      <Filter>Source Files</Filter>
    </ClCompile>
    <ClCompile Include="include\Zydis\src\MetaInfo.c">
      <Filter>Source Files</Filter>
    </ClCompile>
    <ClCompile Include="include\Zydis\src\Mnemonic.c">
      <Filter>Source Files</Filter>
    </ClCompile>
    <ClCompile Include="include\Zydis\src\Register.c">
      <Filter>Source Files</Filter>
    </ClCompile>
    <ClCompile Include="include\Zydis\src\SharedData.c">
      <Filter>Source Files</Filter>
    </ClCompile>
    <ClCompile Include="include\Zydis\src\String.c">
      <Filter>Source Files</Filter>
    </ClCompile>
    <ClCompile Include="include\Zydis\src\Utils.c">
      <Filter>Source Files</Filter>
    </ClCompile>
    <ClCompile Include="include\Zydis\src\Zydis.c">
      <Filter>Source Files</Filter>
    </ClCompile>
    <ClCompile Include="..\ImGui\imgui.cpp">
      <Filter>Source Files</Filter>
    </ClCompile>
    <ClCompile Include="..\ImGui\imgui_demo.cpp">
      <Filter>Source Files</Filter>
    </ClCompile>
    <ClCompile Include="..\ImGui\imgui_draw.cpp">
      <Filter>Source Files</Filter>
    </ClCompile>
    <ClCompile Include="..\ImGui\imgui_impl_dx9.cpp">
      <Filter>Source Files</Filter>
    </ClCompile>
    <ClCompile Include="..\ImGui\imgui_impl_dx11.cpp">
      <Filter>Source Files</Filter>
    </ClCompile>
    <ClCompile Include="..\ImGui\imgui_impl_win32.cpp">
      <Filter>Source Files</Filter>
    </ClCompile>
    <ClCompile Include="..\ImGui\imgui_tables.cpp">
      <Filter>Source Files</Filter>
    </ClCompile>
    <ClCompile Include="..\ImGui\imgui_widgets.cpp">
      <Filter>Source Files</Filter>
    </ClCompile>
  </ItemGroup>
  <ItemGroup>
    <ClInclude Include="BuffEntry.h">
      <Filter>Header Files</Filter>
    </ClInclude>
    <ClInclude Include="BuffManager.h">
      <Filter>Header Files</Filter>
    </ClInclude>
    <ClInclude Include="CallBackIntStates.h">
      <Filter>Header Files</Filter>
    </ClInclude>
    <ClInclude Include="Callbacks.h">
      <Filter>Header Files</Filter>
    </ClInclude>
    <ClInclude Include="Capture.h">
      <Filter>Header Files</Filter>
    </ClInclude>
    <ClInclude Include="ClassWrapper.h">
      <Filter>Header Files</Filter>
    </ClInclude>
    <ClInclude Include="CObject.h">
      <Filter>Header Files</Filter>
    </ClInclude>
    <ClInclude Include="CObjectManager.h">
      <Filter>Header Files</Filter>
    </ClInclude>
    <ClInclude Include="CSpellDataInst.h">
      <Filter>Header Files</Filter>
    </ClInclude>
    <ClInclude Include="d3dx12.h">
      <Filter>Header Files</Filter>
    </ClInclude>
    <ClInclude Include="defs.h">
      <Filter>Header Files</Filter>
    </ClInclude>
    <ClInclude Include="Direct3D9Capture.h">
      <Filter>Header Files</Filter>
    </ClInclude>
    <ClInclude Include="driver.h">
      <Filter>Header Files</Filter>
    </ClInclude>
    <ClInclude Include="DriverController.h">
      <Filter>Header Files</Filter>
    </ClInclude>
    <ClInclude Include="DXGICapture.h">
      <Filter>Header Files</Filter>
    </ClInclude>
    <ClInclude Include="encryption.hpp">
      <Filter>Header Files</Filter>
    </ClInclude>
    <ClInclude Include="Engine.h">
      <Filter>Header Files</Filter>
    </ClInclude>
    <ClInclude Include="ESpellSlot.h">
      <Filter>Header Files</Filter>
    </ClInclude>
    <ClInclude Include="ExampleAppLog.h">
      <Filter>Header Files</Filter>
    </ClInclude>
    <ClInclude Include="fnv_hash.hpp">
      <Filter>Header Files</Filter>
    </ClInclude>
    <ClInclude Include="FuncHook.h">
      <Filter>Header Files</Filter>
    </ClInclude>
    <ClInclude Include="Globals.h">
      <Filter>Header Files</Filter>
    </ClInclude>
    <ClInclude Include="HeavensGateHook.h">
      <Filter>Header Files</Filter>
    </ClInclude>
    <ClInclude Include="Hooks.h">
      <Filter>Header Files</Filter>
    </ClInclude>
    <ClInclude Include="inputhook.h">
      <Filter>Header Files</Filter>
    </ClInclude>
    <ClInclude Include="json.hpp">
      <Filter>Header Files</Filter>
    </ClInclude>
    <ClInclude Include="LeagueFunctions.h">
      <Filter>Header Files</Filter>
    </ClInclude>
    <ClInclude Include="LeagueHooks.h">
      <Filter>Header Files</Filter>
    </ClInclude>
    <ClInclude Include="LUA.h">
      <Filter>Header Files</Filter>
    </ClInclude>
    <ClInclude Include="makesyscall.h">
      <Filter>Header Files</Filter>
    </ClInclude>
    <ClInclude Include="menu.h">
      <Filter>Header Files</Filter>
    </ClInclude>
    <ClInclude Include="Misc.h">
      <Filter>Header Files</Filter>
    </ClInclude>
    <ClInclude Include="Offsets.h">
      <Filter>Header Files</Filter>
    </ClInclude>
    <ClInclude Include="Orbwalker.h">
      <Filter>Header Files</Filter>
    </ClInclude>
    <ClInclude Include="PIDManager.h">
      <Filter>Header Files</Filter>
    </ClInclude>
    <ClInclude Include="SDK.h">
      <Filter>Header Files</Filter>
    </ClInclude>
    <ClInclude Include="skin_changer.hpp">
      <Filter>Header Files</Filter>
    </ClInclude>
    <ClInclude Include="skin_database.hpp">
      <Filter>Header Files</Filter>
    </ClInclude>
    <ClInclude Include="SpellCastInfo.h">
      <Filter>Header Files</Filter>
    </ClInclude>
    <ClInclude Include="SpellData.h">
      <Filter>Header Files</Filter>
    </ClInclude>
    <ClInclude Include="SpellInfo.h">
      <Filter>Header Files</Filter>
    </ClInclude>
    <ClInclude Include="SpellSlot.h">
      <Filter>Header Files</Filter>
    </ClInclude>
    <ClInclude Include="StaticLists.h">
      <Filter>Header Files</Filter>
    </ClInclude>
    <ClInclude Include="stb_image.h">
      <Filter>Header Files</Filter>
    </ClInclude>
    <ClInclude Include="stdafx.h">
      <Filter>Header Files</Filter>
    </ClInclude>
    <ClInclude Include="syscalls.hpp">
      <Filter>Header Files</Filter>
    </ClInclude>
    <ClInclude Include="TargetSelector.h">
      <Filter>Header Files</Filter>
    </ClInclude>
    <ClInclude Include="Utils.h">
      <Filter>Header Files</Filter>
    </ClInclude>
    <ClInclude Include="Vector.h">
      <Filter>Header Files</Filter>
    </ClInclude>
    <ClInclude Include="VectorLong.h">
      <Filter>Header Files</Filter>
    </ClInclude>
    <ClInclude Include="Win32Exception.h">
      <Filter>Header Files</Filter>
    </ClInclude>
    <ClInclude Include="ZycoreExportConfig.h">
      <Filter>Header Files</Filter>
    </ClInclude>
    <ClInclude Include="ZydisExportConfig.h">
      <Filter>Header Files</Filter>
    </ClInclude>
    <ClInclude Include="ImRenderer.h">
      <Filter>Header Files</Filter>
    </ClInclude>
    <ClInclude Include="include\Zydis\Decoder.h">
      <Filter>Header Files</Filter>
    </ClInclude>
    <ClInclude Include="include\Zydis\DecoderTypes.h">
      <Filter>Header Files</Filter>
    </ClInclude>
    <ClInclude Include="include\Zydis\Formatter.h">
      <Filter>Header Files</Filter>
    </ClInclude>
    <ClInclude Include="include\Zydis\FormatterBuffer.h">
      <Filter>Header Files</Filter>
    </ClInclude>
    <ClInclude Include="include\Zydis\MetaInfo.h">
      <Filter>Header Files</Filter>
    </ClInclude>
    <ClInclude Include="include\Zydis\Mnemonic.h">
      <Filter>Header Files</Filter>
    </ClInclude>
    <ClInclude Include="include\Zydis\Register.h">
      <Filter>Header Files</Filter>
    </ClInclude>
    <ClInclude Include="include\Zydis\SharedTypes.h">
      <Filter>Header Files</Filter>
    </ClInclude>
    <ClInclude Include="include\Zydis\ShortString.h">
      <Filter>Header Files</Filter>
    </ClInclude>
    <ClInclude Include="include\Zydis\Status.h">
      <Filter>Header Files</Filter>
    </ClInclude>
    <ClInclude Include="include\Zydis\Utils.h">
      <Filter>Header Files</Filter>
    </ClInclude>
    <ClInclude Include="include\Zydis\Zydis.h">
      <Filter>Header Files</Filter>
    </ClInclude>
    <ClInclude Include="include\Zydis\Internal\DecoderData.h">
      <Filter>Header Files</Filter>
    </ClInclude>
    <ClInclude Include="include\Zydis\Internal\FormatterATT.h">
      <Filter>Header Files</Filter>
    </ClInclude>
    <ClInclude Include="include\Zydis\Internal\FormatterBase.h">
      <Filter>Header Files</Filter>
    </ClInclude>
    <ClInclude Include="include\Zydis\Internal\FormatterIntel.h">
      <Filter>Header Files</Filter>
    </ClInclude>
    <ClInclude Include="include\Zydis\Internal\SharedData.h">
      <Filter>Header Files</Filter>
    </ClInclude>
    <ClInclude Include="include\Zydis\Internal\String.h">
      <Filter>Header Files</Filter>
    </ClInclude>
    <ClInclude Include="include\Zydis\Generated\EnumInstructionCategory.h">
      <Filter>Header Files</Filter>
    </ClInclude>
    <ClInclude Include="include\Zydis\Generated\EnumISAExt.h">
      <Filter>Header Files</Filter>
    </ClInclude>
    <ClInclude Include="include\Zydis\Generated\EnumISASet.h">
      <Filter>Header Files</Filter>
    </ClInclude>
    <ClInclude Include="include\Zydis\Generated\EnumMnemonic.h">
      <Filter>Header Files</Filter>
    </ClInclude>
    <ClInclude Include="include\Zydis\Generated\EnumRegister.h">
      <Filter>Header Files</Filter>
    </ClInclude>
    <ClInclude Include="..\ImGui\imconfig.h">
      <Filter>Header Files</Filter>
    </ClInclude>
    <ClInclude Include="..\ImGui\imgui.h">
      <Filter>Header Files</Filter>
    </ClInclude>
    <ClInclude Include="..\ImGui\imgui_impl_dx9.h">
      <Filter>Header Files</Filter>
    </ClInclude>
    <ClInclude Include="..\ImGui\imgui_impl_dx11.h">
      <Filter>Header Files</Filter>
    </ClInclude>
    <ClInclude Include="..\ImGui\imgui_impl_win32.h">
      <Filter>Header Files</Filter>
    </ClInclude>
    <ClInclude Include="..\ImGui\imgui_internal.h">
      <Filter>Header Files</Filter>
    </ClInclude>
    <ClInclude Include="..\ImGui\imstb_rectpack.h">
      <Filter>Header Files</Filter>
    </ClInclude>
    <ClInclude Include="..\ImGui\imstb_textedit.h">
      <Filter>Header Files</Filter>
    </ClInclude>
    <ClInclude Include="..\ImGui\imstb_truetype.h">
      <Filter>Header Files</Filter>
    </ClInclude>
  </ItemGroup>
</Project>